
Microsoft Visual Studio Solution File, Format Version 12.00
# Visual Studio Version 17
VisualStudioVersion = 17.3.32929.385
MinimumVisualStudioVersion = 10.0.40219.1
Project("{FAE04EC0-301F-11D3-BF4B-00C04F79EFBC}") = "Ejercicio_2_2.Android", "Ejercicio_2_2\Ejercicio_2_2.Android\Ejercicio_2_2.Android.csproj", "{E3A83507-412B-493C-A893-F723A34F2CAF}"
EndProject
Project("{FAE04EC0-301F-11D3-BF4B-00C04F79EFBC}") = "Ejercicio_2_2", "Ejercicio_2_2\Ejercicio_2_2\Ejercicio_2_2.csproj", "{47028A4E-37E3-4909-90F5-C5BDCD88CF1E}"
EndProject
Global
	GlobalSection(SolutionConfigurationPlatforms) = preSolution
		Debug|Any CPU = Debug|Any CPU
		Release|Any CPU = Release|Any CPU
	EndGlobalSection
	GlobalSection(ProjectConfigurationPlatforms) = postSolution
		{E3A83507-412B-493C-A893-F723A34F2CAF}.Debug|Any CPU.ActiveCfg = Debug|Any CPU
		{E3A83507-412B-493C-A893-F723A34F2CAF}.Debug|Any CPU.Build.0 = Debug|Any CPU
		{E3A83507-412B-493C-A893-F723A34F2CAF}.Debug|Any CPU.Deploy.0 = Debug|Any CPU
		{E3A83507-412B-493C-A893-F723A34F2CAF}.Release|Any CPU.ActiveCfg = Release|Any CPU
		{E3A83507-412B-493C-A893-F723A34F2CAF}.Release|Any CPU.Build.0 = Release|Any CPU
		{E3A83507-412B-493C-A893-F723A34F2CAF}.Release|Any CPU.Deploy.0 = Release|Any CPU
		{47028A4E-37E3-4909-90F5-C5BDCD88CF1E}.Debug|Any CPU.ActiveCfg = Debug|Any CPU
		{47028A4E-37E3-4909-90F5-C5BDCD88CF1E}.Debug|Any CPU.Build.0 = Debug|Any CPU
		{47028A4E-37E3-4909-90F5-C5BDCD88CF1E}.Debug|Any CPU.Deploy.0 = Debug|Any CPU
		{47028A4E-37E3-4909-90F5-C5BDCD88CF1E}.Release|Any CPU.ActiveCfg = Release|Any CPU
		{47028A4E-37E3-4909-90F5-C5BDCD88CF1E}.Release|Any CPU.Build.0 = Release|Any CPU
		{47028A4E-37E3-4909-90F5-C5BDCD88CF1E}.Release|Any CPU.Deploy.0 = Release|Any CPU
	EndGlobalSection
	GlobalSection(SolutionProperties) = preSolution
		HideSolutionNode = FALSE
	EndGlobalSection
	GlobalSection(ExtensibilityGlobals) = postSolution
		SolutionGuid = {5DB2EB5F-2012-426C-AF7E-0483899593DB}
	EndGlobalSection
EndGlobal
